
Microsoft Visual Studio Solution File, Format Version 12.00
# Visual Studio 2015
Project("{FAE04EC0-301F-11D3-BF4B-00C04F79EFBC}") = "IGB100 W2 Base", "IGB100 W2 Base.csproj", "{2024A775-3D73-9AB0-1357-4F7D427DED60}"
EndProject
Global
	GlobalSection(SolutionConfigurationPlatforms) = preSolution
		Debug|Any CPU = Debug|Any CPU
		Release|Any CPU = Release|Any CPU
	EndGlobalSection
	GlobalSection(ProjectConfigurationPlatforms) = postSolution
		{2024A775-3D73-9AB0-1357-4F7D427DED60}.Debug|Any CPU.ActiveCfg = Debug|Any CPU
		{2024A775-3D73-9AB0-1357-4F7D427DED60}.Debug|Any CPU.Build.0 = Debug|Any CPU
		{2024A775-3D73-9AB0-1357-4F7D427DED60}.Release|Any CPU.ActiveCfg = Release|Any CPU
		{2024A775-3D73-9AB0-1357-4F7D427DED60}.Release|Any CPU.Build.0 = Release|Any CPU
	EndGlobalSection
	GlobalSection(SolutionProperties) = preSolution
		HideSolutionNode = FALSE
	EndGlobalSection
EndGlobal
