
Microsoft Visual Studio Solution File, Format Version 12.00
# Visual Studio 2015
Project("{FAE04EC0-301F-11D3-BF4B-00C04F79EFBC}") = "IGB100_Cycle01", "IGB100_Cycle01.csproj", "{FBBF567D-BD01-9809-7E81-E6D717994C1B}"
EndProject
Global
	GlobalSection(SolutionConfigurationPlatforms) = preSolution
		Debug|Any CPU = Debug|Any CPU
		Release|Any CPU = Release|Any CPU
	EndGlobalSection
	GlobalSection(ProjectConfigurationPlatforms) = postSolution
		{FBBF567D-BD01-9809-7E81-E6D717994C1B}.Debug|Any CPU.ActiveCfg = Debug|Any CPU
		{FBBF567D-BD01-9809-7E81-E6D717994C1B}.Debug|Any CPU.Build.0 = Debug|Any CPU
		{FBBF567D-BD01-9809-7E81-E6D717994C1B}.Release|Any CPU.ActiveCfg = Release|Any CPU
		{FBBF567D-BD01-9809-7E81-E6D717994C1B}.Release|Any CPU.Build.0 = Release|Any CPU
	EndGlobalSection
	GlobalSection(SolutionProperties) = preSolution
		HideSolutionNode = FALSE
	EndGlobalSection
EndGlobal
